
Microsoft Visual Studio Solution File, Format Version 12.00
# Visual Studio Version 16
VisualStudioVersion = 16.0.30503.244
MinimumVisualStudioVersion = 10.0.40219.1
Project("{FAE04EC0-301F-11D3-BF4B-00C04F79EFBC}") = "GUI", "GUI\GUI.csproj", "{6C44EBE6-91FA-4519-B69C-62E70BE8C3F1}"
EndProject
Project("{FAE04EC0-301F-11D3-BF4B-00C04F79EFBC}") = "BLL", "BLL\BLL.csproj", "{DB4CAF63-1DDF-4B03-8E19-260ACCB366D3}"
EndProject
Project("{FAE04EC0-301F-11D3-BF4B-00C04F79EFBC}") = "DAL", "DAL\DAL.csproj", "{B6204DB2-8E8F-4E0F-A239-A3EE493564A4}"
EndProject
Project("{FAE04EC0-301F-11D3-BF4B-00C04F79EFBC}") = "Entity", "Entity\Entity.csproj", "{46ED5D0E-0821-4A64-BA0E-C7D8F631255A}"
EndProject
Global
	GlobalSection(SolutionConfigurationPlatforms) = preSolution
		Debug|Any CPU = Debug|Any CPU
		Release|Any CPU = Release|Any CPU
	EndGlobalSection
	GlobalSection(ProjectConfigurationPlatforms) = postSolution
		{6C44EBE6-91FA-4519-B69C-62E70BE8C3F1}.Debug|Any CPU.ActiveCfg = Debug|Any CPU
		{6C44EBE6-91FA-4519-B69C-62E70BE8C3F1}.Debug|Any CPU.Build.0 = Debug|Any CPU
		{6C44EBE6-91FA-4519-B69C-62E70BE8C3F1}.Release|Any CPU.ActiveCfg = Release|Any CPU
		{6C44EBE6-91FA-4519-B69C-62E70BE8C3F1}.Release|Any CPU.Build.0 = Release|Any CPU
		{DB4CAF63-1DDF-4B03-8E19-260ACCB366D3}.Debug|Any CPU.ActiveCfg = Debug|Any CPU
		{DB4CAF63-1DDF-4B03-8E19-260ACCB366D3}.Debug|Any CPU.Build.0 = Debug|Any CPU
		{DB4CAF63-1DDF-4B03-8E19-260ACCB366D3}.Release|Any CPU.ActiveCfg = Release|Any CPU
		{DB4CAF63-1DDF-4B03-8E19-260ACCB366D3}.Release|Any CPU.Build.0 = Release|Any CPU
		{B6204DB2-8E8F-4E0F-A239-A3EE493564A4}.Debug|Any CPU.ActiveCfg = Debug|Any CPU
		{B6204DB2-8E8F-4E0F-A239-A3EE493564A4}.Debug|Any CPU.Build.0 = Debug|Any CPU
		{B6204DB2-8E8F-4E0F-A239-A3EE493564A4}.Release|Any CPU.ActiveCfg = Release|Any CPU
		{B6204DB2-8E8F-4E0F-A239-A3EE493564A4}.Release|Any CPU.Build.0 = Release|Any CPU
		{46ED5D0E-0821-4A64-BA0E-C7D8F631255A}.Debug|Any CPU.ActiveCfg = Debug|Any CPU
		{46ED5D0E-0821-4A64-BA0E-C7D8F631255A}.Debug|Any CPU.Build.0 = Debug|Any CPU
		{46ED5D0E-0821-4A64-BA0E-C7D8F631255A}.Release|Any CPU.ActiveCfg = Release|Any CPU
		{46ED5D0E-0821-4A64-BA0E-C7D8F631255A}.Release|Any CPU.Build.0 = Release|Any CPU
	EndGlobalSection
	GlobalSection(SolutionProperties) = preSolution
		HideSolutionNode = FALSE
	EndGlobalSection
	GlobalSection(ExtensibilityGlobals) = postSolution
		SolutionGuid = {492588E7-DE95-4F36-8695-37353C6A84F9}
	EndGlobalSection
EndGlobal
